
Microsoft Visual Studio Solution File, Format Version 12.00
# Visual Studio Version 17
VisualStudioVersion = 17.12.35514.174 d17.12
MinimumVisualStudioVersion = 10.0.40219.1
Project("{FAE04EC0-301F-11D3-BF4B-00C04F79EFBC}") = "Ejemplo", "Ejemplo\Ejemplo.csproj", "{D41DBBD8-759D-40F0-999A-5933EF4BB01F}"
EndProject
Project("{FAE04EC0-301F-11D3-BF4B-00C04F79EFBC}") = "Ejercicio1", "Ejercicio1\Ejercicio1.csproj", "{277700BF-3D89-43FE-9546-5825D195612C}"
EndProject
Global
	GlobalSection(SolutionConfigurationPlatforms) = preSolution
		Debug|Any CPU = Debug|Any CPU
		Release|Any CPU = Release|Any CPU
	EndGlobalSection
	GlobalSection(ProjectConfigurationPlatforms) = postSolution
		{D41DBBD8-759D-40F0-999A-5933EF4BB01F}.Debug|Any CPU.ActiveCfg = Debug|Any CPU
		{D41DBBD8-759D-40F0-999A-5933EF4BB01F}.Debug|Any CPU.Build.0 = Debug|Any CPU
		{D41DBBD8-759D-40F0-999A-5933EF4BB01F}.Release|Any CPU.ActiveCfg = Release|Any CPU
		{D41DBBD8-759D-40F0-999A-5933EF4BB01F}.Release|Any CPU.Build.0 = Release|Any CPU
		{277700BF-3D89-43FE-9546-5825D195612C}.Debug|Any CPU.ActiveCfg = Debug|Any CPU
		{277700BF-3D89-43FE-9546-5825D195612C}.Debug|Any CPU.Build.0 = Debug|Any CPU
		{277700BF-3D89-43FE-9546-5825D195612C}.Release|Any CPU.ActiveCfg = Release|Any CPU
		{277700BF-3D89-43FE-9546-5825D195612C}.Release|Any CPU.Build.0 = Release|Any CPU
	EndGlobalSection
	GlobalSection(SolutionProperties) = preSolution
		HideSolutionNode = FALSE
	EndGlobalSection
EndGlobal
